// !$*UTF8*$!
{
	archiveVersion = 1;
	classes = {
	};
	objectVersion = 56;
	objects = {

/* Begin PBXBuildFile section */
		4175F8D32B72AD4300D67FE0 /* FXCalcu.xcdatamodeld in Sources */ = {isa = PBXBuildFile; fileRef = 4175F8CD2B72AD4300D67FE0 /* FXCalcu.xcdatamodeld */; };
		4175F8D42B72AD4300D67FE0 /* CoreDataManager.swift in Sources */ = {isa = PBXBuildFile; fileRef = 4175F8D02B72AD4300D67FE0 /* CoreDataManager.swift */; };
		4175F8D52B72AD4300D67FE0 /* FxResult.swift in Sources */ = {isa = PBXBuildFile; fileRef = 4175F8D22B72AD4300D67FE0 /* FxResult.swift */; };
		417799902B722C4C00021B5B /* AppDelegate.swift in Sources */ = {isa = PBXBuildFile; fileRef = 4177998F2B722C4C00021B5B /* AppDelegate.swift */; };
		417799922B722C4C00021B5B /* SceneDelegate.swift in Sources */ = {isa = PBXBuildFile; fileRef = 417799912B722C4C00021B5B /* SceneDelegate.swift */; };
		417799942B722C4C00021B5B /* ViewController.swift in Sources */ = {isa = PBXBuildFile; fileRef = 417799932B722C4C00021B5B /* ViewController.swift */; };
		417799972B722C4C00021B5B /* Main.storyboard in Resources */ = {isa = PBXBuildFile; fileRef = 417799952B722C4C00021B5B /* Main.storyboard */; };
		417799992B722C4E00021B5B /* Assets.xcassets in Resources */ = {isa = PBXBuildFile; fileRef = 417799982B722C4E00021B5B /* Assets.xcassets */; };
		4177999C2B722C4E00021B5B /* LaunchScreen.storyboard in Resources */ = {isa = PBXBuildFile; fileRef = 4177999A2B722C4E00021B5B /* LaunchScreen.storyboard */; };
		417799A42B7231AA00021B5B /* Json4Swift_Base.swift in Sources */ = {isa = PBXBuildFile; fileRef = 417799A32B7231AA00021B5B /* Json4Swift_Base.swift */; };
		417799AA2B72394500021B5B /* Constants.swift in Sources */ = {isa = PBXBuildFile; fileRef = 417799A62B72394500021B5B /* Constants.swift */; };
		417799AC2B72394500021B5B /* AFWrepper.swift in Sources */ = {isa = PBXBuildFile; fileRef = 417799A82B72394500021B5B /* AFWrepper.swift */; };
		417799AD2B72394500021B5B /* Utils.swift in Sources */ = {isa = PBXBuildFile; fileRef = 417799A92B72394500021B5B /* Utils.swift */; };
		E27E1B6E1634F557B6BB4CA6 /* Pods_ApiTesting.framework in Frameworks */ = {isa = PBXBuildFile; fileRef = A67EDB59B8B6FE623A5026F9 /* Pods_ApiTesting.framework */; };
/* End PBXBuildFile section */

/* Begin PBXFileReference section */
		31555AB4EF1E9B5160E2BABA /* Pods-ApiTesting.debug.xcconfig */ = {isa = PBXFileReference; includeInIndex = 1; lastKnownFileType = text.xcconfig; name = "Pods-ApiTesting.debug.xcconfig"; path = "Target Support Files/Pods-ApiTesting/Pods-ApiTesting.debug.xcconfig"; sourceTree = "<group>"; };
		34F0F952D9D0E216CFD1687E /* Pods-ApiTesting.release.xcconfig */ = {isa = PBXFileReference; includeInIndex = 1; lastKnownFileType = text.xcconfig; name = "Pods-ApiTesting.release.xcconfig"; path = "Target Support Files/Pods-ApiTesting/Pods-ApiTesting.release.xcconfig"; sourceTree = "<group>"; };
		4175F8CE2B72AD4300D67FE0 /* FXCalcu.xcdatamodel */ = {isa = PBXFileReference; lastKnownFileType = wrapper.xcdatamodel; path = FXCalcu.xcdatamodel; sourceTree = "<group>"; };
		4175F8D02B72AD4300D67FE0 /* CoreDataManager.swift */ = {isa = PBXFileReference; fileEncoding = 4; lastKnownFileType = sourcecode.swift; path = CoreDataManager.swift; sourceTree = "<group>"; };
		4175F8D22B72AD4300D67FE0 /* FxResult.swift */ = {isa = PBXFileReference; fileEncoding = 4; lastKnownFileType = sourcecode.swift; path = FxResult.swift; sourceTree = "<group>"; };
		4177998C2B722C4C00021B5B /* ApiTesting.app */ = {isa = PBXFileReference; explicitFileType = wrapper.application; includeInIndex = 0; path = ApiTesting.app; sourceTree = BUILT_PRODUCTS_DIR; };
		4177998F2B722C4C00021B5B /* AppDelegate.swift */ = {isa = PBXFileReference; lastKnownFileType = sourcecode.swift; path = AppDelegate.swift; sourceTree = "<group>"; };
		417799912B722C4C00021B5B /* SceneDelegate.swift */ = {isa = PBXFileReference; lastKnownFileType = sourcecode.swift; path = SceneDelegate.swift; sourceTree = "<group>"; };
		417799932B722C4C00021B5B /* ViewController.swift */ = {isa = PBXFileReference; lastKnownFileType = sourcecode.swift; path = ViewController.swift; sourceTree = "<group>"; };
		417799962B722C4C00021B5B /* Base */ = {isa = PBXFileReference; lastKnownFileType = file.storyboard; name = Base; path = Base.lproj/Main.storyboard; sourceTree = "<group>"; };
		417799982B722C4E00021B5B /* Assets.xcassets */ = {isa = PBXFileReference; lastKnownFileType = folder.assetcatalog; path = Assets.xcassets; sourceTree = "<group>"; };
		4177999B2B722C4E00021B5B /* Base */ = {isa = PBXFileReference; lastKnownFileType = file.storyboard; name = Base; path = Base.lproj/LaunchScreen.storyboard; sourceTree = "<group>"; };
		4177999D2B722C4E00021B5B /* Info.plist */ = {isa = PBXFileReference; lastKnownFileType = text.plist.xml; path = Info.plist; sourceTree = "<group>"; };
		417799A32B7231AA00021B5B /* Json4Swift_Base.swift */ = {isa = PBXFileReference; fileEncoding = 4; lastKnownFileType = sourcecode.swift; path = Json4Swift_Base.swift; sourceTree = "<group>"; };
		417799A62B72394500021B5B /* Constants.swift */ = {isa = PBXFileReference; fileEncoding = 4; lastKnownFileType = sourcecode.swift; path = Constants.swift; sourceTree = "<group>"; };
		417799A82B72394500021B5B /* AFWrepper.swift */ = {isa = PBXFileReference; fileEncoding = 4; lastKnownFileType = sourcecode.swift; path = AFWrepper.swift; sourceTree = "<group>"; };
		417799A92B72394500021B5B /* Utils.swift */ = {isa = PBXFileReference; fileEncoding = 4; lastKnownFileType = sourcecode.swift; path = Utils.swift; sourceTree = "<group>"; };
		A67EDB59B8B6FE623A5026F9 /* Pods_ApiTesting.framework */ = {isa = PBXFileReference; explicitFileType = wrapper.framework; includeInIndex = 0; path = Pods_ApiTesting.framework; sourceTree = BUILT_PRODUCTS_DIR; };
/* End PBXFileReference section */

/* Begin PBXFrameworksBuildPhase section */
		417799892B722C4C00021B5B /* Frameworks */ = {
			isa = PBXFrameworksBuildPhase;
			buildActionMask = 2147483647;
			files = (
				E27E1B6E1634F557B6BB4CA6 /* Pods_ApiTesting.framework in Frameworks */,
			);
			runOnlyForDeploymentPostprocessing = 0;
		};
/* End PBXFrameworksBuildPhase section */

/* Begin PBXGroup section */
		03F1AE05F1355AC8E3E2F62E /* Frameworks */ = {
			isa = PBXGroup;
			children = (
				A67EDB59B8B6FE623A5026F9 /* Pods_ApiTesting.framework */,
			);
			name = Frameworks;
			sourceTree = "<group>";
		};
		4175F8CC2B72AD4300D67FE0 /* Core Data */ = {
			isa = PBXGroup;
			children = (
				4175F8CD2B72AD4300D67FE0 /* FXCalcu.xcdatamodeld */,
				4175F8CF2B72AD4300D67FE0 /* CoreDataManager */,
				4175F8D12B72AD4300D67FE0 /* Model */,
			);
			path = "Core Data";
			sourceTree = "<group>";
		};
		4175F8CF2B72AD4300D67FE0 /* CoreDataManager */ = {
			isa = PBXGroup;
			children = (
				4175F8D02B72AD4300D67FE0 /* CoreDataManager.swift */,
			);
			path = CoreDataManager;
			sourceTree = "<group>";
		};
		4175F8D12B72AD4300D67FE0 /* Model */ = {
			isa = PBXGroup;
			children = (
				4175F8D22B72AD4300D67FE0 /* FxResult.swift */,
			);
			path = Model;
			sourceTree = "<group>";
		};
		417799832B722C4C00021B5B = {
			isa = PBXGroup;
			children = (
				4177998E2B722C4C00021B5B /* ApiTesting */,
				4177998D2B722C4C00021B5B /* Products */,
				A63B2872E44C128F6D9429EE /* Pods */,
				03F1AE05F1355AC8E3E2F62E /* Frameworks */,
			);
			sourceTree = "<group>";
		};
		4177998D2B722C4C00021B5B /* Products */ = {
			isa = PBXGroup;
			children = (
				4177998C2B722C4C00021B5B /* ApiTesting.app */,
			);
			name = Products;
			sourceTree = "<group>";
		};
		4177998E2B722C4C00021B5B /* ApiTesting */ = {
			isa = PBXGroup;
			children = (
				4177998F2B722C4C00021B5B /* AppDelegate.swift */,
				417799912B722C4C00021B5B /* SceneDelegate.swift */,
				417799A52B72394500021B5B /* Network Class */,
				4175F8CC2B72AD4300D67FE0 /* Core Data */,
				417799A32B7231AA00021B5B /* Json4Swift_Base.swift */,
				417799932B722C4C00021B5B /* ViewController.swift */,
				417799952B722C4C00021B5B /* Main.storyboard */,
				417799982B722C4E00021B5B /* Assets.xcassets */,
				4177999A2B722C4E00021B5B /* LaunchScreen.storyboard */,
				4177999D2B722C4E00021B5B /* Info.plist */,
			);
			path = ApiTesting;
			sourceTree = "<group>";
		};
		417799A52B72394500021B5B /* Network Class */ = {
			isa = PBXGroup;
			children = (
				417799A62B72394500021B5B /* Constants.swift */,
				417799A82B72394500021B5B /* AFWrepper.swift */,
				417799A92B72394500021B5B /* Utils.swift */,
			);
			path = "Network Class";
			sourceTree = "<group>";
		};
		A63B2872E44C128F6D9429EE /* Pods */ = {
			isa = PBXGroup;
			children = (
				31555AB4EF1E9B5160E2BABA /* Pods-ApiTesting.debug.xcconfig */,
				34F0F952D9D0E216CFD1687E /* Pods-ApiTesting.release.xcconfig */,
			);
			path = Pods;
			sourceTree = "<group>";
		};
/* End PBXGroup section */

/* Begin PBXNativeTarget section */
		4177998B2B722C4C00021B5B /* ApiTesting */ = {
			isa = PBXNativeTarget;
			buildConfigurationList = 417799A02B722C4E00021B5B /* Build configuration list for PBXNativeTarget "ApiTesting" */;
			buildPhases = (
				D4F1682C223192A57F81C96E /* [CP] Check Pods Manifest.lock */,
				417799882B722C4C00021B5B /* Sources */,
				417799892B722C4C00021B5B /* Frameworks */,
				4177998A2B722C4C00021B5B /* Resources */,
				0D48B24F9E3D4996E08DB19A /* [CP] Embed Pods Frameworks */,
			);
			buildRules = (
			);
			dependencies = (
			);
			name = ApiTesting;
			productName = ApiTesting;
			productReference = 4177998C2B722C4C00021B5B /* ApiTesting.app */;
			productType = "com.apple.product-type.application";
		};
/* End PBXNativeTarget section */

/* Begin PBXProject section */
		417799842B722C4C00021B5B /* Project object */ = {
			isa = PBXProject;
			attributes = {
				BuildIndependentTargetsInParallel = 1;
				LastSwiftUpdateCheck = 1520;
				LastUpgradeCheck = 1520;
				TargetAttributes = {
					4177998B2B722C4C00021B5B = {
						CreatedOnToolsVersion = 15.2;
					};
				};
			};
			buildConfigurationList = 417799872B722C4C00021B5B /* Build configuration list for PBXProject "ApiTesting" */;
			compatibilityVersion = "Xcode 14.0";
			developmentRegion = en;
			hasScannedForEncodings = 0;
			knownRegions = (
				en,
				Base,
			);
			mainGroup = 417799832B722C4C00021B5B;
			productRefGroup = 4177998D2B722C4C00021B5B /* Products */;
			projectDirPath = "";
			projectRoot = "";
			targets = (
				4177998B2B722C4C00021B5B /* ApiTesting */,
			);
		};
/* End PBXProject section */

/* Begin PBXResourcesBuildPhase section */
		4177998A2B722C4C00021B5B /* Resources */ = {
			isa = PBXResourcesBuildPhase;
			buildActionMask = 2147483647;
			files = (
				4177999C2B722C4E00021B5B /* LaunchScreen.storyboard in Resources */,
				417799992B722C4E00021B5B /* Assets.xcassets in Resources */,
				417799972B722C4C00021B5B /* Main.storyboard in Resources */,
			);
			runOnlyForDeploymentPostprocessing = 0;
		};
/* End PBXResourcesBuildPhase section */

/* Begin PBXShellScriptBuildPhase section */
		0D48B24F9E3D4996E08DB19A /* [CP] Embed Pods Frameworks */ = {
			isa = PBXShellScriptBuildPhase;
			buildActionMask = 2147483647;
			files = (
			);
			inputFileListPaths = (
				"${PODS_ROOT}/Target Support Files/Pods-ApiTesting/Pods-ApiTesting-frameworks-${CONFIGURATION}-input-files.xcfilelist",
			);
			name = "[CP] Embed Pods Frameworks";
			outputFileListPaths = (
				"${PODS_ROOT}/Target Support Files/Pods-ApiTesting/Pods-ApiTesting-frameworks-${CONFIGURATION}-output-files.xcfilelist",
			);
			runOnlyForDeploymentPostprocessing = 0;
			shellPath = /bin/sh;
			shellScript = "\"${PODS_ROOT}/Target Support Files/Pods-ApiTesting/Pods-ApiTesting-frameworks.sh\"\n";
			showEnvVarsInLog = 0;
		};
		D4F1682C223192A57F81C96E /* [CP] Check Pods Manifest.lock */ = {
			isa = PBXShellScriptBuildPhase;
			buildActionMask = 2147483647;
			files = (
			);
			inputFileListPaths = (
			);
			inputPaths = (
				"${PODS_PODFILE_DIR_PATH}/Podfile.lock",
				"${PODS_ROOT}/Manifest.lock",
			);
			name = "[CP] Check Pods Manifest.lock";
			outputFileListPaths = (
			);
			outputPaths = (
				"$(DERIVED_FILE_DIR)/Pods-ApiTesting-checkManifestLockResult.txt",
			);
			runOnlyForDeploymentPostprocessing = 0;
			shellPath = /bin/sh;
			shellScript = "diff \"${PODS_PODFILE_DIR_PATH}/Podfile.lock\" \"${PODS_ROOT}/Manifest.lock\" > /dev/null\nif [ $? != 0 ] ; then\n    # print error to STDERR\n    echo \"error: The sandbox is not in sync with the Podfile.lock. Run 'pod install' or update your CocoaPods installation.\" >&2\n    exit 1\nfi\n# This output is used by Xcode 'outputs' to avoid re-running this script phase.\necho \"SUCCESS\" > \"${SCRIPT_OUTPUT_FILE_0}\"\n";
			showEnvVarsInLog = 0;
		};
/* End PBXShellScriptBuildPhase section */

/* Begin PBXSourcesBuildPhase section */
		417799882B722C4C00021B5B /* Sources */ = {
			isa = PBXSourcesBuildPhase;
			buildActionMask = 2147483647;
			files = (
				417799AA2B72394500021B5B /* Constants.swift in Sources */,
				417799942B722C4C00021B5B /* ViewController.swift in Sources */,
				4175F8D32B72AD4300D67FE0 /* FXCalcu.xcdatamodeld in Sources */,
				417799AC2B72394500021B5B /* AFWrepper.swift in Sources */,
				4175F8D52B72AD4300D67FE0 /* FxResult.swift in Sources */,
				417799A42B7231AA00021B5B /* Json4Swift_Base.swift in Sources */,
				417799902B722C4C00021B5B /* AppDelegate.swift in Sources */,
				4175F8D42B72AD4300D67FE0 /* CoreDataManager.swift in Sources */,
				417799922B722C4C00021B5B /* SceneDelegate.swift in Sources */,
				417799AD2B72394500021B5B /* Utils.swift in Sources */,
			);
			runOnlyForDeploymentPostprocessing = 0;
		};
/* End PBXSourcesBuildPhase section */

/* Begin PBXVariantGroup section */
		417799952B722C4C00021B5B /* Main.storyboard */ = {
			isa = PBXVariantGroup;
			children = (
				417799962B722C4C00021B5B /* Base */,
			);
			name = Main.storyboard;
			sourceTree = "<group>";
		};
		4177999A2B722C4E00021B5B /* LaunchScreen.storyboard */ = {
			isa = PBXVariantGroup;
			children = (
				4177999B2B722C4E00021B5B /* Base */,
			);
			name = LaunchScreen.storyboard;
			sourceTree = "<group>";
		};
/* End PBXVariantGroup section */

/* Begin XCBuildConfiguration section */
		4177999E2B722C4E00021B5B /* Debug */ = {
			isa = XCBuildConfiguration;
			buildSettings = {
				ALWAYS_SEARCH_USER_PATHS = NO;
				ASSETCATALOG_COMPILER_GENERATE_SWIFT_ASSET_SYMBOL_EXTENSIONS = YES;
				CLANG_ANALYZER_NONNULL = YES;
				CLANG_ANALYZER_NUMBER_OBJECT_CONVERSION = YES_AGGRESSIVE;
				CLANG_CXX_LANGUAGE_STANDARD = "gnu++20";
				CLANG_ENABLE_MODULES = YES;
				CLANG_ENABLE_OBJC_ARC = YES;
				CLANG_ENABLE_OBJC_WEAK = YES;
				CLANG_WARN_BLOCK_CAPTURE_AUTORELEASING = YES;
				CLANG_WARN_BOOL_CONVERSION = YES;
				CLANG_WARN_COMMA = YES;
				CLANG_WARN_CONSTANT_CONVERSION = YES;
				CLANG_WARN_DEPRECATED_OBJC_IMPLEMENTATIONS = YES;
				CLANG_WARN_DIRECT_OBJC_ISA_USAGE = YES_ERROR;
				CLANG_WARN_DOCUMENTATION_COMMENTS = YES;
				CLANG_WARN_EMPTY_BODY = YES;
				CLANG_WARN_ENUM_CONVERSION = YES;
				CLANG_WARN_INFINITE_RECURSION = YES;
				CLANG_WARN_INT_CONVERSION = YES;
				CLANG_WARN_NON_LITERAL_NULL_CONVERSION = YES;
				CLANG_WARN_OBJC_IMPLICIT_RETAIN_SELF = YES;
				CLANG_WARN_OBJC_LITERAL_CONVERSION = YES;
				CLANG_WARN_OBJC_ROOT_CLASS = YES_ERROR;
				CLANG_WARN_QUOTED_INCLUDE_IN_FRAMEWORK_HEADER = YES;
				CLANG_WARN_RANGE_LOOP_ANALYSIS = YES;
				CLANG_WARN_STRICT_PROTOTYPES = YES;
				CLANG_WARN_SUSPICIOUS_MOVE = YES;
				CLANG_WARN_UNGUARDED_AVAILABILITY = YES_AGGRESSIVE;
				CLANG_WARN_UNREACHABLE_CODE = YES;
				CLANG_WARN__DUPLICATE_METHOD_MATCH = YES;
				COPY_PHASE_STRIP = NO;
				DEBUG_INFORMATION_FORMAT = dwarf;
				ENABLE_STRICT_OBJC_MSGSEND = YES;
				ENABLE_TESTABILITY = YES;
				ENABLE_USER_SCRIPT_SANDBOXING = NO;
				GCC_C_LANGUAGE_STANDARD = gnu17;
				GCC_DYNAMIC_NO_PIC = NO;
				GCC_NO_COMMON_BLOCKS = YES;
				GCC_OPTIMIZATION_LEVEL = 0;
				GCC_PREPROCESSOR_DEFINITIONS = (
					"DEBUG=1",
					"$(inherited)",
				);
				GCC_WARN_64_TO_32_BIT_CONVERSION = YES;
				GCC_WARN_ABOUT_RETURN_TYPE = YES_ERROR;
				GCC_WARN_UNDECLARED_SELECTOR = YES;
				GCC_WARN_UNINITIALIZED_AUTOS = YES_AGGRESSIVE;
				GCC_WARN_UNUSED_FUNCTION = YES;
				GCC_WARN_UNUSED_VARIABLE = YES;
				IPHONEOS_DEPLOYMENT_TARGET = 17.2;
				LOCALIZATION_PREFERS_STRING_CATALOGS = YES;
				MTL_ENABLE_DEBUG_INFO = INCLUDE_SOURCE;
				MTL_FAST_MATH = YES;
				ONLY_ACTIVE_ARCH = YES;
				SDKROOT = iphoneos;
				SWIFT_ACTIVE_COMPILATION_CONDITIONS = "DEBUG $(inherited)";
				SWIFT_OPTIMIZATION_LEVEL = "-Onone";
			};
			name = Debug;
		};
		4177999F2B722C4E00021B5B /* Release */ = {
			isa = XCBuildConfiguration;
			buildSettings = {
				ALWAYS_SEARCH_USER_PATHS = NO;
				ASSETCATALOG_COMPILER_GENERATE_SWIFT_ASSET_SYMBOL_EXTENSIONS = YES;
				CLANG_ANALYZER_NONNULL = YES;
				CLANG_ANALYZER_NUMBER_OBJECT_CONVERSION = YES_AGGRESSIVE;
				CLANG_CXX_LANGUAGE_STANDARD = "gnu++20";
				CLANG_ENABLE_MODULES = YES;
				CLANG_ENABLE_OBJC_ARC = YES;
				CLANG_ENABLE_OBJC_WEAK = YES;
				CLANG_WARN_BLOCK_CAPTURE_AUTORELEASING = YES;
				CLANG_WARN_BOOL_CONVERSION = YES;
				CLANG_WARN_COMMA = YES;
				CLANG_WARN_CONSTANT_CONVERSION = YES;
				CLANG_WARN_DEPRECATED_OBJC_IMPLEMENTATIONS = YES;
				CLANG_WARN_DIRECT_OBJC_ISA_USAGE = YES_ERROR;
				CLANG_WARN_DOCUMENTATION_COMMENTS = YES;
				CLANG_WARN_EMPTY_BODY = YES;
				CLANG_WARN_ENUM_CONVERSION = YES;
				CLANG_WARN_INFINITE_RECURSION = YES;
				CLANG_WARN_INT_CONVERSION = YES;
				CLANG_WARN_NON_LITERAL_NULL_CONVERSION = YES;
				CLANG_WARN_OBJC_IMPLICIT_RETAIN_SELF = YES;
				CLANG_WARN_OBJC_LITERAL_CONVERSION = YES;
				CLANG_WARN_OBJC_ROOT_CLASS = YES_ERROR;
				CLANG_WARN_QUOTED_INCLUDE_IN_FRAMEWORK_HEADER = YES;
				CLANG_WARN_RANGE_LOOP_ANALYSIS = YES;
				CLANG_WARN_STRICT_PROTOTYPES = YES;
				CLANG_WARN_SUSPICIOUS_MOVE = YES;
				CLANG_WARN_UNGUARDED_AVAILABILITY = YES_AGGRESSIVE;
				CLANG_WARN_UNREACHABLE_CODE = YES;
				CLANG_WARN__DUPLICATE_METHOD_MATCH = YES;
				COPY_PHASE_STRIP = NO;
				DEBUG_INFORMATION_FORMAT = "dwarf-with-dsym";
				ENABLE_NS_ASSERTIONS = NO;
				ENABLE_STRICT_OBJC_MSGSEND = YES;
				ENABLE_USER_SCRIPT_SANDBOXING = NO;
				GCC_C_LANGUAGE_STANDARD = gnu17;
				GCC_NO_COMMON_BLOCKS = YES;
				GCC_WARN_64_TO_32_BIT_CONVERSION = YES;
				GCC_WARN_ABOUT_RETURN_TYPE = YES_ERROR;
				GCC_WARN_UNDECLARED_SELECTOR = YES;
				GCC_WARN_UNINITIALIZED_AUTOS = YES_AGGRESSIVE;
				GCC_WARN_UNUSED_FUNCTION = YES;
				GCC_WARN_UNUSED_VARIABLE = YES;
				IPHONEOS_DEPLOYMENT_TARGET = 17.2;
				LOCALIZATION_PREFERS_STRING_CATALOGS = YES;
				MTL_ENABLE_DEBUG_INFO = NO;
				MTL_FAST_MATH = YES;
				SDKROOT = iphoneos;
				SWIFT_COMPILATION_MODE = wholemodule;
				VALIDATE_PRODUCT = YES;
			};
			name = Release;
		};
		417799A12B722C4E00021B5B /* Debug */ = {
			isa = XCBuildConfiguration;
			baseConfigurationReference = 31555AB4EF1E9B5160E2BABA /* Pods-ApiTesting.debug.xcconfig */;
			buildSettings = {
				ASSETCATALOG_COMPILER_APPICON_NAME = AppIcon;
				ASSETCATALOG_COMPILER_GLOBAL_ACCENT_COLOR_NAME = AccentColor;
				CODE_SIGN_STYLE = Automatic;
				CURRENT_PROJECT_VERSION = 1;
				DEVELOPMENT_TEAM = 32YY3FLWL4;
				GENERATE_INFOPLIST_FILE = YES;
				INFOPLIST_FILE = ApiTesting/Info.plist;
				INFOPLIST_KEY_UIApplicationSupportsIndirectInputEvents = YES;
				INFOPLIST_KEY_UILaunchStoryboardName = LaunchScreen;
				INFOPLIST_KEY_UIMainStoryboardFile = Main;
				INFOPLIST_KEY_UISupportedInterfaceOrientations_iPad = "UIInterfaceOrientationPortrait UIInterfaceOrientationPortraitUpsideDown UIInterfaceOrientationLandscapeLeft UIInterfaceOrientationLandscapeRight";
				INFOPLIST_KEY_UISupportedInterfaceOrientations_iPhone = "UIInterfaceOrientationPortrait UIInterfaceOrientationLandscapeLeft UIInterfaceOrientationLandscapeRight";
				LD_RUNPATH_SEARCH_PATHS = (
					"$(inherited)",
					"@executable_path/Frameworks",
				);
				MARKETING_VERSION = 1.0;
				PRODUCT_BUNDLE_IDENTIFIER = HirenG.ApiTesting;
				PRODUCT_NAME = "$(TARGET_NAME)";
				SWIFT_EMIT_LOC_STRINGS = YES;
				SWIFT_VERSION = 5.0;
				TARGETED_DEVICE_FAMILY = "1,2";
			};
			name = Debug;
		};
		417799A22B722C4E00021B5B /* Release */ = {
			isa = XCBuildConfiguration;
			baseConfigurationReference = 34F0F952D9D0E216CFD1687E /* Pods-ApiTesting.release.xcconfig */;
			buildSettings = {
				ASSETCATALOG_COMPILER_APPICON_NAME = AppIcon;
				ASSETCATALOG_COMPILER_GLOBAL_ACCENT_COLOR_NAME = AccentColor;
				CODE_SIGN_STYLE = Automatic;
				CURRENT_PROJECT_VERSION = 1;
				DEVELOPMENT_TEAM = 32YY3FLWL4;
				GENERATE_INFOPLIST_FILE = YES;
				INFOPLIST_FILE = ApiTesting/Info.plist;
				INFOPLIST_KEY_UIApplicationSupportsIndirectInputEvents = YES;
				INFOPLIST_KEY_UILaunchStoryboardName = LaunchScreen;
				INFOPLIST_KEY_UIMainStoryboardFile = Main;
				INFOPLIST_KEY_UISupportedInterfaceOrientations_iPad = "UIInterfaceOrientationPortrait UIInterfaceOrientationPortraitUpsideDown UIInterfaceOrientationLandscapeLeft UIInterfaceOrientationLandscapeRight";
				INFOPLIST_KEY_UISupportedInterfaceOrientations_iPhone = "UIInterfaceOrientationPortrait UIInterfaceOrientationLandscapeLeft UIInterfaceOrientationLandscapeRight";
				LD_RUNPATH_SEARCH_PATHS = (
					"$(inherited)",
					"@executable_path/Frameworks",
				);
				MARKETING_VERSION = 1.0;
				PRODUCT_BUNDLE_IDENTIFIER = HirenG.ApiTesting;
				PRODUCT_NAME = "$(TARGET_NAME)";
				SWIFT_EMIT_LOC_STRINGS = YES;
				SWIFT_VERSION = 5.0;
				TARGETED_DEVICE_FAMILY = "1,2";
			};
			name = Release;
		};
/* End XCBuildConfiguration section */

/* Begin XCConfigurationList section */
		417799872B722C4C00021B5B /* Build configuration list for PBXProject "ApiTesting" */ = {
			isa = XCConfigurationList;
			buildConfigurations = (
				4177999E2B722C4E00021B5B /* Debug */,
				4177999F2B722C4E00021B5B /* Release */,
			);
			defaultConfigurationIsVisible = 0;
			defaultConfigurationName = Release;
		};
		417799A02B722C4E00021B5B /* Build configuration list for PBXNativeTarget "ApiTesting" */ = {
			isa = XCConfigurationList;
			buildConfigurations = (
				417799A12B722C4E00021B5B /* Debug */,
				417799A22B722C4E00021B5B /* Release */,
			);
			defaultConfigurationIsVisible = 0;
			defaultConfigurationName = Release;
		};
/* End XCConfigurationList section */

/* Begin XCVersionGroup section */
		4175F8CD2B72AD4300D67FE0 /* FXCalcu.xcdatamodeld */ = {
			isa = XCVersionGroup;
			children = (
				4175F8CE2B72AD4300D67FE0 /* FXCalcu.xcdatamodel */,
			);
			currentVersion = 4175F8CE2B72AD4300D67FE0 /* FXCalcu.xcdatamodel */;
			path = FXCalcu.xcdatamodeld;
			sourceTree = "<group>";
			versionGroupType = wrapper.xcdatamodel;
		};
/* End XCVersionGroup section */
	};
	rootObject = 417799842B722C4C00021B5B /* Project object */;
}
